// !$*UTF8*$!
{
	archiveVersion = 1;
	classes = {
	};
	objectVersion = 46;
	objects = {

/* Begin PBXBuildFile section */
		B94509D41DD40A82002CB5DA /* AppDelegate.swift in Sources */ = {isa = PBXBuildFile; fileRef = B94509D31DD40A82002CB5DA /* AppDelegate.swift */; };
		B94509D61DD40A82002CB5DA /* ViewController.swift in Sources */ = {isa = PBXBuildFile; fileRef = B94509D51DD40A82002CB5DA /* ViewController.swift */; };
		B94509D91DD40A82002CB5DA /* Main.storyboard in Resources */ = {isa = PBXBuildFile; fileRef = B94509D71DD40A82002CB5DA /* Main.storyboard */; };
		B94509DB1DD40A82002CB5DA /* Assets.xcassets in Resources */ = {isa = PBXBuildFile; fileRef = B94509DA1DD40A82002CB5DA /* Assets.xcassets */; };
		B94509DE1DD40A82002CB5DA /* LaunchScreen.storyboard in Resources */ = {isa = PBXBuildFile; fileRef = B94509DC1DD40A82002CB5DA /* LaunchScreen.storyboard */; };
		B94509E61DD42181002CB5DA /* TodoList.swift in Sources */ = {isa = PBXBuildFile; fileRef = B94509E51DD42181002CB5DA /* TodoList.swift */; };
/* End PBXBuildFile section */

/* Begin PBXFileReference section */
		B94509D01DD40A82002CB5DA /* iTahDoodle.app */ = {isa = PBXFileReference; explicitFileType = wrapper.application; includeInIndex = 0; path = iTahDoodle.app; sourceTree = BUILT_PRODUCTS_DIR; };
		B94509D31DD40A82002CB5DA /* AppDelegate.swift */ = {isa = PBXFileReference; lastKnownFileType = sourcecode.swift; path = AppDelegate.swift; sourceTree = "<group>"; };
		B94509D51DD40A82002CB5DA /* ViewController.swift */ = {isa = PBXFileReference; lastKnownFileType = sourcecode.swift; path = ViewController.swift; sourceTree = "<group>"; };
		B94509D81DD40A82002CB5DA /* Base */ = {isa = PBXFileReference; lastKnownFileType = file.storyboard; name = Base; path = Base.lproj/Main.storyboard; sourceTree = "<group>"; };
		B94509DA1DD40A82002CB5DA /* Assets.xcassets */ = {isa = PBXFileReference; lastKnownFileType = folder.assetcatalog; path = Assets.xcassets; sourceTree = "<group>"; };
		B94509DD1DD40A82002CB5DA /* Base */ = {isa = PBXFileReference; lastKnownFileType = file.storyboard; name = Base; path = Base.lproj/LaunchScreen.storyboard; sourceTree = "<group>"; };
		B94509DF1DD40A82002CB5DA /* Info.plist */ = {isa = PBXFileReference; lastKnownFileType = text.plist.xml; path = Info.plist; sourceTree = "<group>"; };
		B94509E51DD42181002CB5DA /* TodoList.swift */ = {isa = PBXFileReference; fileEncoding = 4; lastKnownFileType = sourcecode.swift; path = TodoList.swift; sourceTree = "<group>"; };
/* End PBXFileReference section */

/* Begin PBXFrameworksBuildPhase section */
		B94509CD1DD40A82002CB5DA /* Frameworks */ = {
			isa = PBXFrameworksBuildPhase;
			buildActionMask = 2147483647;
			files = (
			);
			runOnlyForDeploymentPostprocessing = 0;
		};
/* End PBXFrameworksBuildPhase section */

/* Begin PBXGroup section */
		B94509C71DD40A82002CB5DA = {
			isa = PBXGroup;
			children = (
				B94509D21DD40A82002CB5DA /* iTahDoodle */,
				B94509D11DD40A82002CB5DA /* Products */,
			);
			sourceTree = "<group>";
		};
		B94509D11DD40A82002CB5DA /* Products */ = {
			isa = PBXGroup;
			children = (
				B94509D01DD40A82002CB5DA /* iTahDoodle.app */,
			);
			name = Products;
			sourceTree = "<group>";
		};
		B94509D21DD40A82002CB5DA /* iTahDoodle */ = {
			isa = PBXGroup;
			children = (
				B94509D31DD40A82002CB5DA /* AppDelegate.swift */,
				B94509D51DD40A82002CB5DA /* ViewController.swift */,
				B94509D71DD40A82002CB5DA /* Main.storyboard */,
				B94509E51DD42181002CB5DA /* TodoList.swift */,
				B94509DA1DD40A82002CB5DA /* Assets.xcassets */,
				B94509DC1DD40A82002CB5DA /* LaunchScreen.storyboard */,
				B94509DF1DD40A82002CB5DA /* Info.plist */,
			);
			path = iTahDoodle;
			sourceTree = "<group>";
		};
/* End PBXGroup section */

/* Begin PBXNativeTarget section */
		B94509CF1DD40A82002CB5DA /* iTahDoodle */ = {
			isa = PBXNativeTarget;
			buildConfigurationList = B94509E21DD40A82002CB5DA /* Build configuration list for PBXNativeTarget "iTahDoodle" */;
			buildPhases = (
				B94509CC1DD40A82002CB5DA /* Sources */,
				B94509CD1DD40A82002CB5DA /* Frameworks */,
				B94509CE1DD40A82002CB5DA /* Resources */,
			);
			buildRules = (
			);
			dependencies = (
			);
			name = iTahDoodle;
			productName = iTahDoodle;
			productReference = B94509D01DD40A82002CB5DA /* iTahDoodle.app */;
			productType = "com.apple.product-type.application";
		};
/* End PBXNativeTarget section */

/* Begin PBXProject section */
		B94509C81DD40A82002CB5DA /* Project object */ = {
			isa = PBXProject;
			attributes = {
				LastSwiftUpdateCheck = 0730;
				LastUpgradeCheck = 0730;
				ORGANIZATIONNAME = yuneec;
				TargetAttributes = {
					B94509CF1DD40A82002CB5DA = {
						CreatedOnToolsVersion = 7.3;
					};
				};
			};
			buildConfigurationList = B94509CB1DD40A82002CB5DA /* Build configuration list for PBXProject "iTahDoodle" */;
			compatibilityVersion = "Xcode 3.2";
			developmentRegion = English;
			hasScannedForEncodings = 0;
			knownRegions = (
				en,
				Base,
			);
			mainGroup = B94509C71DD40A82002CB5DA;
			productRefGroup = B94509D11DD40A82002CB5DA /* Products */;
			projectDirPath = "";
			projectRoot = "";
			targets = (
				B94509CF1DD40A82002CB5DA /* iTahDoodle */,
			);
		};
/* End PBXProject section */

/* Begin PBXResourcesBuildPhase section */
		B94509CE1DD40A82002CB5DA /* Resources */ = {
			isa = PBXResourcesBuildPhase;
			buildActionMask = 2147483647;
			files = (
				B94509DE1DD40A82002CB5DA /* LaunchScreen.storyboard in Resources */,
				B94509DB1DD40A82002CB5DA /* Assets.xcassets in Resources */,
				B94509D91DD40A82002CB5DA /* Main.storyboard in Resources */,
			);
			runOnlyForDeploymentPostprocessing = 0;
		};
/* End PBXResourcesBuildPhase section */

/* Begin PBXSourcesBuildPhase section */
		B94509CC1DD40A82002CB5DA /* Sources */ = {
			isa = PBXSourcesBuildPhase;
			buildActionMask = 2147483647;
			files = (
				B94509E61DD42181002CB5DA /* TodoList.swift in Sources */,
				B94509D61DD40A82002CB5DA /* ViewController.swift in Sources */,
				B94509D41DD40A82002CB5DA /* AppDelegate.swift in Sources */,
			);
			runOnlyForDeploymentPostprocessing = 0;
		};
/* End PBXSourcesBuildPhase section */

/* Begin PBXVariantGroup section */
		B94509D71DD40A82002CB5DA /* Main.storyboard */ = {
			isa = PBXVariantGroup;
			children = (
				B94509D81DD40A82002CB5DA /* Base */,
			);
			name = Main.storyboard;
			sourceTree = "<group>";
		};
		B94509DC1DD40A82002CB5DA /* LaunchScreen.storyboard */ = {
			isa = PBXVariantGroup;
			children = (
				B94509DD1DD40A82002CB5DA /* Base */,
			);
			name = LaunchScreen.storyboard;
			sourceTree = "<group>";
		};
/* End PBXVariantGroup section */

/* Begin XCBuildConfiguration section */
		B94509E01DD40A82002CB5DA /* Debug */ = {
			isa = XCBuildConfiguration;
			buildSettings = {
				ALWAYS_SEARCH_USER_PATHS = NO;
				CLANG_ANALYZER_NONNULL = YES;
				CLANG_CXX_LANGUAGE_STANDARD = "gnu++0x";
				CLANG_CXX_LIBRARY = "libc++";
				CLANG_ENABLE_MODULES = YES;
				CLANG_ENABLE_OBJC_ARC = YES;
				CLANG_WARN_BOOL_CONVERSION = YES;
				CLANG_WARN_CONSTANT_CONVERSION = YES;
				CLANG_WARN_DIRECT_OBJC_ISA_USAGE = YES_ERROR;
				CLANG_WARN_EMPTY_BODY = YES;
				CLANG_WARN_ENUM_CONVERSION = YES;
				CLANG_WARN_INT_CONVERSION = YES;
				CLANG_WARN_OBJC_ROOT_CLASS = YES_ERROR;
				CLANG_WARN_UNREACHABLE_CODE = YES;
				CLANG_WARN__DUPLICATE_METHOD_MATCH = YES;
				"CODE_SIGN_IDENTITY[sdk=iphoneos*]" = "iPhone Developer";
				COPY_PHASE_STRIP = NO;
				DEBUG_INFORMATION_FORMAT = dwarf;
				ENABLE_STRICT_OBJC_MSGSEND = YES;
				ENABLE_TESTABILITY = YES;
				GCC_C_LANGUAGE_STANDARD = gnu99;
				GCC_DYNAMIC_NO_PIC = NO;
				GCC_NO_COMMON_BLOCKS = YES;
				GCC_OPTIMIZATION_LEVEL = 0;
				GCC_PREPROCESSOR_DEFINITIONS = (
					"DEBUG=1",
					"$(inherited)",
				);
				GCC_WARN_64_TO_32_BIT_CONVERSION = YES;
				GCC_WARN_ABOUT_RETURN_TYPE = YES_ERROR;
				GCC_WARN_UNDECLARED_SELECTOR = YES;
				GCC_WARN_UNINITIALIZED_AUTOS = YES_AGGRESSIVE;
				GCC_WARN_UNUSED_FUNCTION = YES;
				GCC_WARN_UNUSED_VARIABLE = YES;
				IPHONEOS_DEPLOYMENT_TARGET = 9.3;
				MTL_ENABLE_DEBUG_INFO = YES;
				ONLY_ACTIVE_ARCH = YES;
				SDKROOT = iphoneos;
				SWIFT_OPTIMIZATION_LEVEL = "-Onone";
			};
			name = Debug;
		};
		B94509E11DD40A82002CB5DA /* Release */ = {
			isa = XCBuildConfiguration;
			buildSettings = {
				ALWAYS_SEARCH_USER_PATHS = NO;
				CLANG_ANALYZER_NONNULL = YES;
				CLANG_CXX_LANGUAGE_STANDARD = "gnu++0x";
				CLANG_CXX_LIBRARY = "libc++";
				CLANG_ENABLE_MODULES = YES;
				CLANG_ENABLE_OBJC_ARC = YES;
				CLANG_WARN_BOOL_CONVERSION = YES;
				CLANG_WARN_CONSTANT_CONVERSION = YES;
				CLANG_WARN_DIRECT_OBJC_ISA_USAGE = YES_ERROR;
				CLANG_WARN_EMPTY_BODY = YES;
				CLANG_WARN_ENUM_CONVERSION = YES;
				CLANG_WARN_INT_CONVERSION = YES;
				CLANG_WARN_OBJC_ROOT_CLASS = YES_ERROR;
				CLANG_WARN_UNREACHABLE_CODE = YES;
				CLANG_WARN__DUPLICATE_METHOD_MATCH = YES;
				"CODE_SIGN_IDENTITY[sdk=iphoneos*]" = "iPhone Developer";
				COPY_PHASE_STRIP = NO;
				DEBUG_INFORMATION_FORMAT = "dwarf-with-dsym";
				ENABLE_NS_ASSERTIONS = NO;
				ENABLE_STRICT_OBJC_MSGSEND = YES;
				GCC_C_LANGUAGE_STANDARD = gnu99;
				GCC_NO_COMMON_BLOCKS = YES;
				GCC_WARN_64_TO_32_BIT_CONVERSION = YES;
				GCC_WARN_ABOUT_RETURN_TYPE = YES_ERROR;
				GCC_WARN_UNDECLARED_SELECTOR = YES;
				GCC_WARN_UNINITIALIZED_AUTOS = YES_AGGRESSIVE;
				GCC_WARN_UNUSED_FUNCTION = YES;
				GCC_WARN_UNUSED_VARIABLE = YES;
				IPHONEOS_DEPLOYMENT_TARGET = 9.3;
				MTL_ENABLE_DEBUG_INFO = NO;
				SDKROOT = iphoneos;
				VALIDATE_PRODUCT = YES;
			};
			name = Release;
		};
		B94509E31DD40A82002CB5DA /* Debug */ = {
			isa = XCBuildConfiguration;
			buildSettings = {
				ASSETCATALOG_COMPILER_APPICON_NAME = AppIcon;
				INFOPLIST_FILE = iTahDoodle/Info.plist;
				LD_RUNPATH_SEARCH_PATHS = "$(inherited) @executable_path/Frameworks";
				PRODUCT_BUNDLE_IDENTIFIER = com.yuneec.iTahDoodle;
				PRODUCT_NAME = "$(TARGET_NAME)";
			};
			name = Debug;
		};
		B94509E41DD40A82002CB5DA /* Release */ = {
			isa = XCBuildConfiguration;
			buildSettings = {
				ASSETCATALOG_COMPILER_APPICON_NAME = AppIcon;
				INFOPLIST_FILE = iTahDoodle/Info.plist;
				LD_RUNPATH_SEARCH_PATHS = "$(inherited) @executable_path/Frameworks";
				PRODUCT_BUNDLE_IDENTIFIER = com.yuneec.iTahDoodle;
				PRODUCT_NAME = "$(TARGET_NAME)";
			};
			name = Release;
		};
/* End XCBuildConfiguration section */

/* Begin XCConfigurationList section */
		B94509CB1DD40A82002CB5DA /* Build configuration list for PBXProject "iTahDoodle" */ = {
			isa = XCConfigurationList;
			buildConfigurations = (
				B94509E01DD40A82002CB5DA /* Debug */,
				B94509E11DD40A82002CB5DA /* Release */,
			);
			defaultConfigurationIsVisible = 0;
			defaultConfigurationName = Release;
		};
		B94509E21DD40A82002CB5DA /* Build configuration list for PBXNativeTarget "iTahDoodle" */ = {
			isa = XCConfigurationList;
			buildConfigurations = (
				B94509E31DD40A82002CB5DA /* Debug */,
				B94509E41DD40A82002CB5DA /* Release */,
			);
			defaultConfigurationIsVisible = 0;
		};
/* End XCConfigurationList section */
	};
	rootObject = B94509C81DD40A82002CB5DA /* Project object */;
}
